// !$*UTF8*$!
{
	archiveVersion = 1;
	classes = {
	};
	objectVersion = 46;
	objects = {

/* Begin PBXBuildFile section */
		021AA2271D98812D00AACCCD /* AppDelegate.swift in Sources */ = {isa = PBXBuildFile; fileRef = 021AA2261D98812D00AACCCD /* AppDelegate.swift */; };
		021AA2291D98812D00AACCCD /* ViewController.swift in Sources */ = {isa = PBXBuildFile; fileRef = 021AA2281D98812D00AACCCD /* ViewController.swift */; };
		021AA22C1D98812D00AACCCD /* Main.storyboard in Resources */ = {isa = PBXBuildFile; fileRef = 021AA22A1D98812D00AACCCD /* Main.storyboard */; };
		021AA22E1D98812D00AACCCD /* Assets.xcassets in Resources */ = {isa = PBXBuildFile; fileRef = 021AA22D1D98812D00AACCCD /* Assets.xcassets */; };
		021AA2311D98812D00AACCCD /* LaunchScreen.storyboard in Resources */ = {isa = PBXBuildFile; fileRef = 021AA22F1D98812D00AACCCD /* LaunchScreen.storyboard */; };
/* End PBXBuildFile section */

/* Begin PBXFileReference section */
		021AA2231D98812D00AACCCD /* CPTipCalculator.app */ = {isa = PBXFileReference; explicitFileType = wrapper.application; includeInIndex = 0; path = CPTipCalculator.app; sourceTree = BUILT_PRODUCTS_DIR; };
		021AA2261D98812D00AACCCD /* AppDelegate.swift */ = {isa = PBXFileReference; lastKnownFileType = sourcecode.swift; path = AppDelegate.swift; sourceTree = "<group>"; };
		021AA2281D98812D00AACCCD /* ViewController.swift */ = {isa = PBXFileReference; lastKnownFileType = sourcecode.swift; path = ViewController.swift; sourceTree = "<group>"; };
		021AA22B1D98812D00AACCCD /* Base */ = {isa = PBXFileReference; lastKnownFileType = file.storyboard; name = Base; path = Base.lproj/Main.storyboard; sourceTree = "<group>"; };
		021AA22D1D98812D00AACCCD /* Assets.xcassets */ = {isa = PBXFileReference; lastKnownFileType = folder.assetcatalog; path = Assets.xcassets; sourceTree = "<group>"; };
		021AA2301D98812D00AACCCD /* Base */ = {isa = PBXFileReference; lastKnownFileType = file.storyboard; name = Base; path = Base.lproj/LaunchScreen.storyboard; sourceTree = "<group>"; };
		021AA2321D98812D00AACCCD /* Info.plist */ = {isa = PBXFileReference; lastKnownFileType = text.plist.xml; path = Info.plist; sourceTree = "<group>"; };
/* End PBXFileReference section */

/* Begin PBXFrameworksBuildPhase section */
		021AA2201D98812D00AACCCD /* Frameworks */ = {
			isa = PBXFrameworksBuildPhase;
			buildActionMask = 2147483647;
			files = (
			);
			runOnlyForDeploymentPostprocessing = 0;
		};
/* End PBXFrameworksBuildPhase section */

/* Begin PBXGroup section */
		021AA21A1D98812D00AACCCD = {
			isa = PBXGroup;
			children = (
				021AA2251D98812D00AACCCD /* CPTipCalculator */,
				021AA2241D98812D00AACCCD /* Products */,
			);
			sourceTree = "<group>";
		};
		021AA2241D98812D00AACCCD /* Products */ = {
			isa = PBXGroup;
			children = (
				021AA2231D98812D00AACCCD /* CPTipCalculator.app */,
			);
			name = Products;
			sourceTree = "<group>";
		};
		021AA2251D98812D00AACCCD /* CPTipCalculator */ = {
			isa = PBXGroup;
			children = (
				021AA2261D98812D00AACCCD /* AppDelegate.swift */,
				021AA2281D98812D00AACCCD /* ViewController.swift */,
				021AA22A1D98812D00AACCCD /* Main.storyboard */,
				021AA22D1D98812D00AACCCD /* Assets.xcassets */,
				021AA22F1D98812D00AACCCD /* LaunchScreen.storyboard */,
				021AA2321D98812D00AACCCD /* Info.plist */,
			);
			path = CPTipCalculator;
			sourceTree = "<group>";
		};
/* End PBXGroup section */

/* Begin PBXNativeTarget section */
		021AA2221D98812D00AACCCD /* CPTipCalculator */ = {
			isa = PBXNativeTarget;
			buildConfigurationList = 021AA2351D98812D00AACCCD /* Build configuration list for PBXNativeTarget "CPTipCalculator" */;
			buildPhases = (
				021AA21F1D98812D00AACCCD /* Sources */,
				021AA2201D98812D00AACCCD /* Frameworks */,
				021AA2211D98812D00AACCCD /* Resources */,
			);
			buildRules = (
			);
			dependencies = (
			);
			name = CPTipCalculator;
			productName = CPTipCalculator;
			productReference = 021AA2231D98812D00AACCCD /* CPTipCalculator.app */;
			productType = "com.apple.product-type.application";
		};
/* End PBXNativeTarget section */

/* Begin PBXProject section */
		021AA21B1D98812D00AACCCD /* Project object */ = {
			isa = PBXProject;
			attributes = {
				LastSwiftUpdateCheck = 0730;
				LastUpgradeCheck = 0730;
				ORGANIZATIONNAME = "Ari Lacenski";
				TargetAttributes = {
					021AA2221D98812D00AACCCD = {
						CreatedOnToolsVersion = 7.3.1;
					};
				};
			};
			buildConfigurationList = 021AA21E1D98812D00AACCCD /* Build configuration list for PBXProject "CPTipCalculator" */;
			compatibilityVersion = "Xcode 3.2";
			developmentRegion = English;
			hasScannedForEncodings = 0;
			knownRegions = (
				en,
				Base,
			);
			mainGroup = 021AA21A1D98812D00AACCCD;
			productRefGroup = 021AA2241D98812D00AACCCD /* Products */;
			projectDirPath = "";
			projectRoot = "";
			targets = (
				021AA2221D98812D00AACCCD /* CPTipCalculator */,
			);
		};
/* End PBXProject section */

/* Begin PBXResourcesBuildPhase section */
		021AA2211D98812D00AACCCD /* Resources */ = {
			isa = PBXResourcesBuildPhase;
			buildActionMask = 2147483647;
			files = (
				021AA2311D98812D00AACCCD /* LaunchScreen.storyboard in Resources */,
				021AA22E1D98812D00AACCCD /* Assets.xcassets in Resources */,
				021AA22C1D98812D00AACCCD /* Main.storyboard in Resources */,
			);
			runOnlyForDeploymentPostprocessing = 0;
		};
/* End PBXResourcesBuildPhase section */

/* Begin PBXSourcesBuildPhase section */
		021AA21F1D98812D00AACCCD /* Sources */ = {
			isa = PBXSourcesBuildPhase;
			buildActionMask = 2147483647;
			files = (
				021AA2291D98812D00AACCCD /* ViewController.swift in Sources */,
				021AA2271D98812D00AACCCD /* AppDelegate.swift in Sources */,
			);
			runOnlyForDeploymentPostprocessing = 0;
		};
/* End PBXSourcesBuildPhase section */

/* Begin PBXVariantGroup section */
		021AA22A1D98812D00AACCCD /* Main.storyboard */ = {
			isa = PBXVariantGroup;
			children = (
				021AA22B1D98812D00AACCCD /* Base */,
			);
			name = Main.storyboard;
			sourceTree = "<group>";
		};
		021AA22F1D98812D00AACCCD /* LaunchScreen.storyboard */ = {
			isa = PBXVariantGroup;
			children = (
				021AA2301D98812D00AACCCD /* Base */,
			);
			name = LaunchScreen.storyboard;
			sourceTree = "<group>";
		};
/* End PBXVariantGroup section */

/* Begin XCBuildConfiguration section */
		021AA2331D98812D00AACCCD /* Debug */ = {
			isa = XCBuildConfiguration;
			buildSettings = {
				ALWAYS_SEARCH_USER_PATHS = NO;
				CLANG_ANALYZER_NONNULL = YES;
				CLANG_CXX_LANGUAGE_STANDARD = "gnu++0x";
				CLANG_CXX_LIBRARY = "libc++";
				CLANG_ENABLE_MODULES = YES;
				CLANG_ENABLE_OBJC_ARC = YES;
				CLANG_WARN_BOOL_CONVERSION = YES;
				CLANG_WARN_CONSTANT_CONVERSION = YES;
				CLANG_WARN_DIRECT_OBJC_ISA_USAGE = YES_ERROR;
				CLANG_WARN_EMPTY_BODY = YES;
				CLANG_WARN_ENUM_CONVERSION = YES;
				CLANG_WARN_INT_CONVERSION = YES;
				CLANG_WARN_OBJC_ROOT_CLASS = YES_ERROR;
				CLANG_WARN_UNREACHABLE_CODE = YES;
				CLANG_WARN__DUPLICATE_METHOD_MATCH = YES;
				"CODE_SIGN_IDENTITY[sdk=iphoneos*]" = "iPhone Developer";
				COPY_PHASE_STRIP = NO;
				DEBUG_INFORMATION_FORMAT = dwarf;
				ENABLE_STRICT_OBJC_MSGSEND = YES;
				ENABLE_TESTABILITY = YES;
				GCC_C_LANGUAGE_STANDARD = gnu99;
				GCC_DYNAMIC_NO_PIC = NO;
				GCC_NO_COMMON_BLOCKS = YES;
				GCC_OPTIMIZATION_LEVEL = 0;
				GCC_PREPROCESSOR_DEFINITIONS = (
					"DEBUG=1",
					"$(inherited)",
				);
				GCC_WARN_64_TO_32_BIT_CONVERSION = YES;
				GCC_WARN_ABOUT_RETURN_TYPE = YES_ERROR;
				GCC_WARN_UNDECLARED_SELECTOR = YES;
				GCC_WARN_UNINITIALIZED_AUTOS = YES_AGGRESSIVE;
				GCC_WARN_UNUSED_FUNCTION = YES;
				GCC_WARN_UNUSED_VARIABLE = YES;
				IPHONEOS_DEPLOYMENT_TARGET = 9.3;
				MTL_ENABLE_DEBUG_INFO = YES;
				ONLY_ACTIVE_ARCH = YES;
				SDKROOT = iphoneos;
				SWIFT_OPTIMIZATION_LEVEL = "-Onone";
				TARGETED_DEVICE_FAMILY = "1,2";
			};
			name = Debug;
		};
		021AA2341D98812D00AACCCD /* Release */ = {
			isa = XCBuildConfiguration;
			buildSettings = {
				ALWAYS_SEARCH_USER_PATHS = NO;
				CLANG_ANALYZER_NONNULL = YES;
				CLANG_CXX_LANGUAGE_STANDARD = "gnu++0x";
				CLANG_CXX_LIBRARY = "libc++";
				CLANG_ENABLE_MODULES = YES;
				CLANG_ENABLE_OBJC_ARC = YES;
				CLANG_WARN_BOOL_CONVERSION = YES;
				CLANG_WARN_CONSTANT_CONVERSION = YES;
				CLANG_WARN_DIRECT_OBJC_ISA_USAGE = YES_ERROR;
				CLANG_WARN_EMPTY_BODY = YES;
				CLANG_WARN_ENUM_CONVERSION = YES;
				CLANG_WARN_INT_CONVERSION = YES;
				CLANG_WARN_OBJC_ROOT_CLASS = YES_ERROR;
				CLANG_WARN_UNREACHABLE_CODE = YES;
				CLANG_WARN__DUPLICATE_METHOD_MATCH = YES;
				"CODE_SIGN_IDENTITY[sdk=iphoneos*]" = "iPhone Developer";
				COPY_PHASE_STRIP = NO;
				DEBUG_INFORMATION_FORMAT = "dwarf-with-dsym";
				ENABLE_NS_ASSERTIONS = NO;
				ENABLE_STRICT_OBJC_MSGSEND = YES;
				GCC_C_LANGUAGE_STANDARD = gnu99;
				GCC_NO_COMMON_BLOCKS = YES;
				GCC_WARN_64_TO_32_BIT_CONVERSION = YES;
				GCC_WARN_ABOUT_RETURN_TYPE = YES_ERROR;
				GCC_WARN_UNDECLARED_SELECTOR = YES;
				GCC_WARN_UNINITIALIZED_AUTOS = YES_AGGRESSIVE;
				GCC_WARN_UNUSED_FUNCTION = YES;
				GCC_WARN_UNUSED_VARIABLE = YES;
				IPHONEOS_DEPLOYMENT_TARGET = 9.3;
				MTL_ENABLE_DEBUG_INFO = NO;
				SDKROOT = iphoneos;
				TARGETED_DEVICE_FAMILY = "1,2";
				VALIDATE_PRODUCT = YES;
			};
			name = Release;
		};
		021AA2361D98812D00AACCCD /* Debug */ = {
			isa = XCBuildConfiguration;
			buildSettings = {
				ASSETCATALOG_COMPILER_APPICON_NAME = AppIcon;
				INFOPLIST_FILE = CPTipCalculator/Info.plist;
				LD_RUNPATH_SEARCH_PATHS = "$(inherited) @executable_path/Frameworks";
				PRODUCT_BUNDLE_IDENTIFIER = tensorylabs.CPTipCalculator;
				PRODUCT_NAME = "$(TARGET_NAME)";
			};
			name = Debug;
		};
		021AA2371D98812D00AACCCD /* Release */ = {
			isa = XCBuildConfiguration;
			buildSettings = {
				ASSETCATALOG_COMPILER_APPICON_NAME = AppIcon;
				INFOPLIST_FILE = CPTipCalculator/Info.plist;
				LD_RUNPATH_SEARCH_PATHS = "$(inherited) @executable_path/Frameworks";
				PRODUCT_BUNDLE_IDENTIFIER = tensorylabs.CPTipCalculator;
				PRODUCT_NAME = "$(TARGET_NAME)";
			};
			name = Release;
		};
/* End XCBuildConfiguration section */

/* Begin XCConfigurationList section */
		021AA21E1D98812D00AACCCD /* Build configuration list for PBXProject "CPTipCalculator" */ = {
			isa = XCConfigurationList;
			buildConfigurations = (
				021AA2331D98812D00AACCCD /* Debug */,
				021AA2341D98812D00AACCCD /* Release */,
			);
			defaultConfigurationIsVisible = 0;
			defaultConfigurationName = Release;
		};
		021AA2351D98812D00AACCCD /* Build configuration list for PBXNativeTarget "CPTipCalculator" */ = {
			isa = XCConfigurationList;
			buildConfigurations = (
				021AA2361D98812D00AACCCD /* Debug */,
				021AA2371D98812D00AACCCD /* Release */,
			);
			defaultConfigurationIsVisible = 0;
		};
/* End XCConfigurationList section */
	};
	rootObject = 021AA21B1D98812D00AACCCD /* Project object */;
}
